
Microsoft Visual Studio Solution File, Format Version 9.00
# Visual Studio 2005
Project("{EAF909A5-FA59-4C3D-9431-0FCC20D5BCF9}") = "001_deadlock", "001_deadlock\001_deadlock.icproj", "{F9C08C26-5228-43D4-9D55-9A0B0608978C}"
EndProject
Project("{EAF909A5-FA59-4C3D-9431-0FCC20D5BCF9}") = "002_Bsend", "002_Bsend\002_Bsend.icproj", "{8222E18B-C9E6-451A-83D2-9C70F3718A11}"
EndProject
Project("{EAF909A5-FA59-4C3D-9431-0FCC20D5BCF9}") = "002_Bsend1", "002_Bsend1\002_Bsend1.icproj", "{54B29C06-4F86-4658-8813-759C926F5ED5}"
EndProject
Project("{EAF909A5-FA59-4C3D-9431-0FCC20D5BCF9}") = "003_Rsend", "003_Rsend\003_Rsend.icproj", "{F90A4CC4-51B7-4929-B8A3-C33FC2510572}"
EndProject
Project("{EAF909A5-FA59-4C3D-9431-0FCC20D5BCF9}") = "004_Ssend", "004_Ssend\004_Ssend.icproj", "{E38EFA84-410A-4135-B378-7054E0B6D32E}"
EndProject
Project("{EAF909A5-FA59-4C3D-9431-0FCC20D5BCF9}") = "003_Rsend_AdjustSequence", "003_Rsend_AdjustSequence\003_Rsend_AdjustSequence.icproj", "{BE6C8A8D-E7CA-468C-B347-ACD6937D41E6}"
EndProject
Project("{EAF909A5-FA59-4C3D-9431-0FCC20D5BCF9}") = "004_Ssend_AdjustSequence", "004_Ssend_AdjustSequence\004_Ssend_AdjustSequence.icproj", "{6715C37F-F11F-4B30-9669-29E2F30837A2}"
EndProject
Project("{EAF909A5-FA59-4C3D-9431-0FCC20D5BCF9}") = "005_sendinit_recvinit", "005_sendinit_recvinit\005_sendinit_recvinit.icproj", "{C92E2F99-8257-4D3B-9269-3CA6E38C7E25}"
EndProject
Project("{EAF909A5-FA59-4C3D-9431-0FCC20D5BCF9}") = "006_collective", "006_collective\006_collective.icproj", "{C2250C86-C47A-49B7-AA0B-5AE237A5B9FA}"
EndProject
Project("{EAF909A5-FA59-4C3D-9431-0FCC20D5BCF9}") = "006_collectiveall_all", "006_collectiveall_all\006_collectiveall_all.icproj", "{2F4DA364-B386-453E-BF40-3796E4BD15D7}"
EndProject
Project("{EAF909A5-FA59-4C3D-9431-0FCC20D5BCF9}") = "006_collectivescatter", "006_collectivescatter\006_collectivescatter.icproj", "{1C8148D6-8011-401D-9830-ECE73224573C}"
EndProject
Project("{EAF909A5-FA59-4C3D-9431-0FCC20D5BCF9}") = "009_datatype", "009_datatype\009_datatype.icproj", "{2B64BD86-D928-4F92-AF24-9FFEEA96FB1A}"
EndProject
Project("{EAF909A5-FA59-4C3D-9431-0FCC20D5BCF9}") = "009_datatypestruct", "009_datatypestruct\009_datatypestruct.icproj", "{E76F64FC-F978-4413-AF55-861EF731E7E6}"
EndProject
Project("{EAF909A5-FA59-4C3D-9431-0FCC20D5BCF9}") = "010_02ioAbsoluteFP", "010_02ioAbsoluteFP\010_02ioAbsoluteFP.icproj", "{0ABB2FA0-C359-46E7-8054-E610CC177F60}"
EndProject
Project("{EAF909A5-FA59-4C3D-9431-0FCC20D5BCF9}") = "010_03IndividualFP", "010_03IndividualFP\010_03IndividualFP.icproj", "{CD91431D-3731-4992-A3B5-F92695098F67}"
EndProject
Project("{EAF909A5-FA59-4C3D-9431-0FCC20D5BCF9}") = "010_04SharedFP", "010_04SharedFP\010_04SharedFP.icproj", "{96629A15-1D2E-4EF5-B07D-E5B55B22A45C}"
EndProject
Global
	GlobalSection(SolutionConfigurationPlatforms) = preSolution
		Debug|Win32 = Debug|Win32
		Release|Win32 = Release|Win32
	EndGlobalSection
	GlobalSection(ProjectConfigurationPlatforms) = postSolution
		{F9C08C26-5228-43D4-9D55-9A0B0608978C}.Debug|Win32.ActiveCfg = Debug|Win32
		{F9C08C26-5228-43D4-9D55-9A0B0608978C}.Debug|Win32.Build.0 = Debug|Win32
		{F9C08C26-5228-43D4-9D55-9A0B0608978C}.Release|Win32.ActiveCfg = Release|Win32
		{F9C08C26-5228-43D4-9D55-9A0B0608978C}.Release|Win32.Build.0 = Release|Win32
		{8222E18B-C9E6-451A-83D2-9C70F3718A11}.Debug|Win32.ActiveCfg = Debug|Win32
		{8222E18B-C9E6-451A-83D2-9C70F3718A11}.Debug|Win32.Build.0 = Debug|Win32
		{8222E18B-C9E6-451A-83D2-9C70F3718A11}.Release|Win32.ActiveCfg = Release|Win32
		{8222E18B-C9E6-451A-83D2-9C70F3718A11}.Release|Win32.Build.0 = Release|Win32
		{54B29C06-4F86-4658-8813-759C926F5ED5}.Debug|Win32.ActiveCfg = Debug|Win32
		{54B29C06-4F86-4658-8813-759C926F5ED5}.Debug|Win32.Build.0 = Debug|Win32
		{54B29C06-4F86-4658-8813-759C926F5ED5}.Release|Win32.ActiveCfg = Release|Win32
		{54B29C06-4F86-4658-8813-759C926F5ED5}.Release|Win32.Build.0 = Release|Win32
		{F90A4CC4-51B7-4929-B8A3-C33FC2510572}.Debug|Win32.ActiveCfg = Debug|Win32
		{F90A4CC4-51B7-4929-B8A3-C33FC2510572}.Debug|Win32.Build.0 = Debug|Win32
		{F90A4CC4-51B7-4929-B8A3-C33FC2510572}.Release|Win32.ActiveCfg = Release|Win32
		{F90A4CC4-51B7-4929-B8A3-C33FC2510572}.Release|Win32.Build.0 = Release|Win32
		{E38EFA84-410A-4135-B378-7054E0B6D32E}.Debug|Win32.ActiveCfg = Debug|Win32
		{E38EFA84-410A-4135-B378-7054E0B6D32E}.Debug|Win32.Build.0 = Debug|Win32
		{E38EFA84-410A-4135-B378-7054E0B6D32E}.Release|Win32.ActiveCfg = Release|Win32
		{E38EFA84-410A-4135-B378-7054E0B6D32E}.Release|Win32.Build.0 = Release|Win32
		{BE6C8A8D-E7CA-468C-B347-ACD6937D41E6}.Debug|Win32.ActiveCfg = Debug|Win32
		{BE6C8A8D-E7CA-468C-B347-ACD6937D41E6}.Debug|Win32.Build.0 = Debug|Win32
		{BE6C8A8D-E7CA-468C-B347-ACD6937D41E6}.Release|Win32.ActiveCfg = Release|Win32
		{BE6C8A8D-E7CA-468C-B347-ACD6937D41E6}.Release|Win32.Build.0 = Release|Win32
		{6715C37F-F11F-4B30-9669-29E2F30837A2}.Debug|Win32.ActiveCfg = Debug|Win32
		{6715C37F-F11F-4B30-9669-29E2F30837A2}.Debug|Win32.Build.0 = Debug|Win32
		{6715C37F-F11F-4B30-9669-29E2F30837A2}.Release|Win32.ActiveCfg = Release|Win32
		{6715C37F-F11F-4B30-9669-29E2F30837A2}.Release|Win32.Build.0 = Release|Win32
		{C92E2F99-8257-4D3B-9269-3CA6E38C7E25}.Debug|Win32.ActiveCfg = Debug|Win32
		{C92E2F99-8257-4D3B-9269-3CA6E38C7E25}.Debug|Win32.Build.0 = Debug|Win32
		{C92E2F99-8257-4D3B-9269-3CA6E38C7E25}.Release|Win32.ActiveCfg = Release|Win32
		{C92E2F99-8257-4D3B-9269-3CA6E38C7E25}.Release|Win32.Build.0 = Release|Win32
		{C2250C86-C47A-49B7-AA0B-5AE237A5B9FA}.Debug|Win32.ActiveCfg = Debug|Win32
		{C2250C86-C47A-49B7-AA0B-5AE237A5B9FA}.Debug|Win32.Build.0 = Debug|Win32
		{C2250C86-C47A-49B7-AA0B-5AE237A5B9FA}.Release|Win32.ActiveCfg = Release|Win32
		{C2250C86-C47A-49B7-AA0B-5AE237A5B9FA}.Release|Win32.Build.0 = Release|Win32
		{2F4DA364-B386-453E-BF40-3796E4BD15D7}.Debug|Win32.ActiveCfg = Debug|Win32
		{2F4DA364-B386-453E-BF40-3796E4BD15D7}.Debug|Win32.Build.0 = Debug|Win32
		{2F4DA364-B386-453E-BF40-3796E4BD15D7}.Release|Win32.ActiveCfg = Release|Win32
		{2F4DA364-B386-453E-BF40-3796E4BD15D7}.Release|Win32.Build.0 = Release|Win32
		{1C8148D6-8011-401D-9830-ECE73224573C}.Debug|Win32.ActiveCfg = Debug|Win32
		{1C8148D6-8011-401D-9830-ECE73224573C}.Debug|Win32.Build.0 = Debug|Win32
		{1C8148D6-8011-401D-9830-ECE73224573C}.Release|Win32.ActiveCfg = Release|Win32
		{1C8148D6-8011-401D-9830-ECE73224573C}.Release|Win32.Build.0 = Release|Win32
		{2B64BD86-D928-4F92-AF24-9FFEEA96FB1A}.Debug|Win32.ActiveCfg = Debug|Win32
		{2B64BD86-D928-4F92-AF24-9FFEEA96FB1A}.Debug|Win32.Build.0 = Debug|Win32
		{2B64BD86-D928-4F92-AF24-9FFEEA96FB1A}.Release|Win32.ActiveCfg = Release|Win32
		{2B64BD86-D928-4F92-AF24-9FFEEA96FB1A}.Release|Win32.Build.0 = Release|Win32
		{E76F64FC-F978-4413-AF55-861EF731E7E6}.Debug|Win32.ActiveCfg = Debug|Win32
		{E76F64FC-F978-4413-AF55-861EF731E7E6}.Debug|Win32.Build.0 = Debug|Win32
		{E76F64FC-F978-4413-AF55-861EF731E7E6}.Release|Win32.ActiveCfg = Release|Win32
		{E76F64FC-F978-4413-AF55-861EF731E7E6}.Release|Win32.Build.0 = Release|Win32
		{0ABB2FA0-C359-46E7-8054-E610CC177F60}.Debug|Win32.ActiveCfg = Debug|Win32
		{0ABB2FA0-C359-46E7-8054-E610CC177F60}.Debug|Win32.Build.0 = Debug|Win32
		{0ABB2FA0-C359-46E7-8054-E610CC177F60}.Release|Win32.ActiveCfg = Release|Win32
		{0ABB2FA0-C359-46E7-8054-E610CC177F60}.Release|Win32.Build.0 = Release|Win32
		{CD91431D-3731-4992-A3B5-F92695098F67}.Debug|Win32.ActiveCfg = Debug|Win32
		{CD91431D-3731-4992-A3B5-F92695098F67}.Debug|Win32.Build.0 = Debug|Win32
		{CD91431D-3731-4992-A3B5-F92695098F67}.Release|Win32.ActiveCfg = Release|Win32
		{CD91431D-3731-4992-A3B5-F92695098F67}.Release|Win32.Build.0 = Release|Win32
		{96629A15-1D2E-4EF5-B07D-E5B55B22A45C}.Debug|Win32.ActiveCfg = Debug|Win32
		{96629A15-1D2E-4EF5-B07D-E5B55B22A45C}.Debug|Win32.Build.0 = Debug|Win32
		{96629A15-1D2E-4EF5-B07D-E5B55B22A45C}.Release|Win32.ActiveCfg = Release|Win32
		{96629A15-1D2E-4EF5-B07D-E5B55B22A45C}.Release|Win32.Build.0 = Release|Win32
		{D81DF1F1-EB86-4F88-9F6E-474B49DA0FA8}.Debug|Win32.ActiveCfg = Debug|Win32
		{D81DF1F1-EB86-4F88-9F6E-474B49DA0FA8}.Debug|Win32.Build.0 = Debug|Win32
		{D81DF1F1-EB86-4F88-9F6E-474B49DA0FA8}.Release|Win32.ActiveCfg = Release|Win32
		{D81DF1F1-EB86-4F88-9F6E-474B49DA0FA8}.Release|Win32.Build.0 = Release|Win32
		{134DD9BF-80F1-401E-9C86-E24B95FDE46B}.Debug|Win32.ActiveCfg = Debug|Win32
		{134DD9BF-80F1-401E-9C86-E24B95FDE46B}.Debug|Win32.Build.0 = Debug|Win32
		{134DD9BF-80F1-401E-9C86-E24B95FDE46B}.Release|Win32.ActiveCfg = Release|Win32
		{134DD9BF-80F1-401E-9C86-E24B95FDE46B}.Release|Win32.Build.0 = Release|Win32
		{D8CBF484-A21B-4D04-8E6D-1F7BF42E16F0}.Debug|Win32.ActiveCfg = Debug|Win32
		{D8CBF484-A21B-4D04-8E6D-1F7BF42E16F0}.Debug|Win32.Build.0 = Debug|Win32
		{D8CBF484-A21B-4D04-8E6D-1F7BF42E16F0}.Release|Win32.ActiveCfg = Release|Win32
		{D8CBF484-A21B-4D04-8E6D-1F7BF42E16F0}.Release|Win32.Build.0 = Release|Win32
		{CA1AC2E6-567A-4246-8B25-026DD7313D30}.Debug|Win32.ActiveCfg = Debug|Win32
		{CA1AC2E6-567A-4246-8B25-026DD7313D30}.Debug|Win32.Build.0 = Debug|Win32
		{CA1AC2E6-567A-4246-8B25-026DD7313D30}.Release|Win32.ActiveCfg = Release|Win32
		{CA1AC2E6-567A-4246-8B25-026DD7313D30}.Release|Win32.Build.0 = Release|Win32
		{7C2CB5DA-B10C-42D3-A5DF-3F9A5B6CB858}.Debug|Win32.ActiveCfg = Debug|Win32
		{7C2CB5DA-B10C-42D3-A5DF-3F9A5B6CB858}.Debug|Win32.Build.0 = Debug|Win32
		{7C2CB5DA-B10C-42D3-A5DF-3F9A5B6CB858}.Release|Win32.ActiveCfg = Release|Win32
		{7C2CB5DA-B10C-42D3-A5DF-3F9A5B6CB858}.Release|Win32.Build.0 = Release|Win32
		{5ACB3DDA-3C71-4AE4-80AD-52B7700D2582}.Debug|Win32.ActiveCfg = Debug|Win32
		{5ACB3DDA-3C71-4AE4-80AD-52B7700D2582}.Debug|Win32.Build.0 = Debug|Win32
		{5ACB3DDA-3C71-4AE4-80AD-52B7700D2582}.Release|Win32.ActiveCfg = Release|Win32
		{5ACB3DDA-3C71-4AE4-80AD-52B7700D2582}.Release|Win32.Build.0 = Release|Win32
		{BC9DDFCB-3184-4734-9076-E8D75A342D92}.Debug|Win32.ActiveCfg = Debug|Win32
		{BC9DDFCB-3184-4734-9076-E8D75A342D92}.Debug|Win32.Build.0 = Debug|Win32
		{BC9DDFCB-3184-4734-9076-E8D75A342D92}.Release|Win32.ActiveCfg = Release|Win32
		{BC9DDFCB-3184-4734-9076-E8D75A342D92}.Release|Win32.Build.0 = Release|Win32
		{23476F0F-E113-432C-A360-507FA1A44B20}.Debug|Win32.ActiveCfg = Debug|Win32
		{23476F0F-E113-432C-A360-507FA1A44B20}.Debug|Win32.Build.0 = Debug|Win32
		{23476F0F-E113-432C-A360-507FA1A44B20}.Release|Win32.ActiveCfg = Release|Win32
		{23476F0F-E113-432C-A360-507FA1A44B20}.Release|Win32.Build.0 = Release|Win32
		{9CDC3408-A3C1-4E08-96BA-F9E9F4855AAB}.Debug|Win32.ActiveCfg = Debug|Win32
		{9CDC3408-A3C1-4E08-96BA-F9E9F4855AAB}.Debug|Win32.Build.0 = Debug|Win32
		{9CDC3408-A3C1-4E08-96BA-F9E9F4855AAB}.Release|Win32.ActiveCfg = Release|Win32
		{9CDC3408-A3C1-4E08-96BA-F9E9F4855AAB}.Release|Win32.Build.0 = Release|Win32
		{9A145C53-4192-48D0-87CA-F93DCF2D0003}.Debug|Win32.ActiveCfg = Debug|Win32
		{9A145C53-4192-48D0-87CA-F93DCF2D0003}.Debug|Win32.Build.0 = Debug|Win32
		{9A145C53-4192-48D0-87CA-F93DCF2D0003}.Release|Win32.ActiveCfg = Release|Win32
		{9A145C53-4192-48D0-87CA-F93DCF2D0003}.Release|Win32.Build.0 = Release|Win32
		{151E4CC2-E812-4518-8FE3-0B9452956824}.Debug|Win32.ActiveCfg = Debug|Win32
		{151E4CC2-E812-4518-8FE3-0B9452956824}.Debug|Win32.Build.0 = Debug|Win32
		{151E4CC2-E812-4518-8FE3-0B9452956824}.Release|Win32.ActiveCfg = Release|Win32
		{151E4CC2-E812-4518-8FE3-0B9452956824}.Release|Win32.Build.0 = Release|Win32
		{95036A51-AC0A-441A-AD99-9AD6AFA0C29A}.Debug|Win32.ActiveCfg = Debug|Win32
		{95036A51-AC0A-441A-AD99-9AD6AFA0C29A}.Debug|Win32.Build.0 = Debug|Win32
		{95036A51-AC0A-441A-AD99-9AD6AFA0C29A}.Release|Win32.ActiveCfg = Release|Win32
		{95036A51-AC0A-441A-AD99-9AD6AFA0C29A}.Release|Win32.Build.0 = Release|Win32
		{F4CBE810-498A-4311-95B3-8E129047C00D}.Debug|Win32.ActiveCfg = Debug|Win32
		{F4CBE810-498A-4311-95B3-8E129047C00D}.Debug|Win32.Build.0 = Debug|Win32
		{F4CBE810-498A-4311-95B3-8E129047C00D}.Release|Win32.ActiveCfg = Release|Win32
		{F4CBE810-498A-4311-95B3-8E129047C00D}.Release|Win32.Build.0 = Release|Win32
		{AEAB0A4E-E414-47D7-B38F-2275DDEC1F75}.Debug|Win32.ActiveCfg = Debug|Win32
		{AEAB0A4E-E414-47D7-B38F-2275DDEC1F75}.Debug|Win32.Build.0 = Debug|Win32
		{AEAB0A4E-E414-47D7-B38F-2275DDEC1F75}.Release|Win32.ActiveCfg = Release|Win32
		{AEAB0A4E-E414-47D7-B38F-2275DDEC1F75}.Release|Win32.Build.0 = Release|Win32
		{AA6DB9B9-1FC2-47A7-A2F7-BFB6AEA564D0}.Debug|Win32.ActiveCfg = Debug|Win32
		{AA6DB9B9-1FC2-47A7-A2F7-BFB6AEA564D0}.Debug|Win32.Build.0 = Debug|Win32
		{AA6DB9B9-1FC2-47A7-A2F7-BFB6AEA564D0}.Release|Win32.ActiveCfg = Release|Win32
		{AA6DB9B9-1FC2-47A7-A2F7-BFB6AEA564D0}.Release|Win32.Build.0 = Release|Win32
		{53060C12-1DCE-45CB-94C2-039432CD9B14}.Debug|Win32.ActiveCfg = Debug|Win32
		{53060C12-1DCE-45CB-94C2-039432CD9B14}.Debug|Win32.Build.0 = Debug|Win32
		{53060C12-1DCE-45CB-94C2-039432CD9B14}.Release|Win32.ActiveCfg = Release|Win32
		{53060C12-1DCE-45CB-94C2-039432CD9B14}.Release|Win32.Build.0 = Release|Win32
	EndGlobalSection
	GlobalSection(SolutionProperties) = preSolution
		HideSolutionNode = FALSE
	EndGlobalSection
EndGlobal
